dependencies:
- name: mysql
  repository: https://kubernetes-charts.storage.googleapis.com/
  version: 0.3.4
- name: redis
  repository: https://kubernetes-charts.storage.googleapis.com/
  version: 1.1.11
- name: rabbitmq
  repository: https://kubernetes-charts.storage.googleapis.com/
  version: 3.2.0
digest: sha256:181f3c2f604f741e94855b087884dd29b89f85778f4c8868d6996796ddf36997
generated: 2018-10-08T09:59:07.002119-04:00
